
Microsoft Visual Studio Solution File, Format Version 12.00
# Visual Studio Version 17
VisualStudioVersion = 17.5.33530.505
MinimumVisualStudioVersion = 10.0.40219.1
Project("{FAE04EC0-301F-11D3-BF4B-00C04F79EFBC}") = "Common", "Common.csproj", "{F3B852CA-9ABA-4906-B37F-DB6CA81CC8AB}"
EndProject
Global
	GlobalSection(SolutionConfigurationPlatforms) = preSolution
		Debug|Any CPU = Debug|Any CPU
		Release|Any CPU = Release|Any CPU
	EndGlobalSection
	GlobalSection(ProjectConfigurationPlatforms) = postSolution
		{F3B852CA-9ABA-4906-B37F-DB6CA81CC8AB}.Debug|Any CPU.ActiveCfg = Debug|Any CPU
		{F3B852CA-9ABA-4906-B37F-DB6CA81CC8AB}.Debug|Any CPU.Build.0 = Debug|Any CPU
		{F3B852CA-9ABA-4906-B37F-DB6CA81CC8AB}.Release|Any CPU.ActiveCfg = Release|Any CPU
		{F3B852CA-9ABA-4906-B37F-DB6CA81CC8AB}.Release|Any CPU.Build.0 = Release|Any CPU
	EndGlobalSection
	GlobalSection(SolutionProperties) = preSolution
		HideSolutionNode = FALSE
	EndGlobalSection
	GlobalSection(ExtensibilityGlobals) = postSolution
		SolutionGuid = {886C9135-82D3-451F-ADD2-34AD20ADC018}
	EndGlobalSection
EndGlobal
